
Microsoft Visual Studio Solution File, Format Version 12.00
# Visual Studio 15
VisualStudioVersion = 15.0.28010.2026
MinimumVisualStudioVersion = 10.0.40219.1
Project("{FAE04EC0-301F-11D3-BF4B-00C04F79EFBC}") = "ImageCurator", "src\ImageCurator\ImageCurator.csproj", "{257B7130-34B5-454A-ABB4-E71D5824F15D}"
EndProject
Global
	GlobalSection(SolutionConfigurationPlatforms) = preSolution
		Debug|Any CPU = Debug|Any CPU
		Release|Any CPU = Release|Any CPU
	EndGlobalSection
	GlobalSection(ProjectConfigurationPlatforms) = postSolution
		{257B7130-34B5-454A-ABB4-E71D5824F15D}.Debug|Any CPU.ActiveCfg = Debug|Any CPU
		{257B7130-34B5-454A-ABB4-E71D5824F15D}.Debug|Any CPU.Build.0 = Debug|Any CPU
		{257B7130-34B5-454A-ABB4-E71D5824F15D}.Release|Any CPU.ActiveCfg = Release|Any CPU
		{257B7130-34B5-454A-ABB4-E71D5824F15D}.Release|Any CPU.Build.0 = Release|Any CPU
	EndGlobalSection
	GlobalSection(SolutionProperties) = preSolution
		HideSolutionNode = FALSE
	EndGlobalSection
	GlobalSection(ExtensibilityGlobals) = postSolution
		SolutionGuid = {D0BF1BDB-3859-4DF3-AC84-E42AC41C6E22}
	EndGlobalSection
EndGlobal
